
Microsoft Visual Studio Solution File, Format Version 12.00
# Visual Studio Version 17
VisualStudioVersion = 17.0.31903.59
MinimumVisualStudioVersion = 10.0.40219.1
Project("{2150E333-8FDC-42A3-9474-1A3956D46DE8}") = "shared", "shared", "{4F52FD11-658E-A102-6CD3-7D7C16FFA15B}"
EndProject
Project("{2150E333-8FDC-42A3-9474-1A3956D46DE8}") = "BuildingBlocks", "BuildingBlocks", "{EDD64D91-0F4B-5ED4-2866-ADA64D5A1C33}"
EndProject
Project("{FAE04EC0-301F-11D3-BF4B-00C04F79EFBC}") = "FinTrust.BuildingBlocks", "shared\BuildingBlocks\FinTrust.BuildingBlocks\FinTrust.BuildingBlocks.csproj", "{E28B45BE-58A0-4154-8B90-1CA11B96A830}"
EndProject
Project("{2150E333-8FDC-42A3-9474-1A3956D46DE8}") = "Common", "Common", "{E22E24A7-60BD-AB64-8CDF-AA26E2B7FF30}"
EndProject
Project("{FAE04EC0-301F-11D3-BF4B-00C04F79EFBC}") = "FinTrust.Common", "shared\Common\FinTrust.Common\FinTrust.Common.csproj", "{EAE4E992-9ED6-487D-BC5E-4F9B34CEFCE2}"
EndProject
Project("{2150E333-8FDC-42A3-9474-1A3956D46DE8}") = "Contracts", "Contracts", "{85E3A286-880E-ADB0-5CF2-3F1BDB3A4229}"
EndProject
Project("{FAE04EC0-301F-11D3-BF4B-00C04F79EFBC}") = "FinTrust.Contracts", "shared\Contracts\FinTrust.Contracts\FinTrust.Contracts.csproj", "{3908890C-9D62-4360-A1F5-5623DCD97432}"
EndProject
Project("{2150E333-8FDC-42A3-9474-1A3956D46DE8}") = "SharedKernel", "SharedKernel", "{19AE9E85-1C68-4758-AF24-628ACE39F8F3}"
EndProject
Project("{FAE04EC0-301F-11D3-BF4B-00C04F79EFBC}") = "FinTrust.SharedKernel", "shared\SharedKernel\FinTrust.SharedKernel\FinTrust.SharedKernel.csproj", "{837379A6-5D43-44D3-8161-1B9F5FE23CB0}"
EndProject
Project("{2150E333-8FDC-42A3-9474-1A3956D46DE8}") = "gateway", "gateway", "{E7BDDBC6-9FD1-D1D7-ACD8-2C4F8E3D2461}"
EndProject
Project("{2150E333-8FDC-42A3-9474-1A3956D46DE8}") = "ApiGateway", "ApiGateway", "{2141A215-AC49-07B8-5C97-F1F960E8B242}"
EndProject
Project("{FAE04EC0-301F-11D3-BF4B-00C04F79EFBC}") = "FinTrust.ApiGateway", "gateway\ApiGateway\FinTrust.ApiGateway\FinTrust.ApiGateway.csproj", "{A323C9AD-2589-4D93-BED9-8F6CC420C560}"
EndProject
Project("{2150E333-8FDC-42A3-9474-1A3956D46DE8}") = "services", "services", "{5854FF58-B8C5-05C6-5BF2-ACE42193F22B}"
EndProject
Project("{2150E333-8FDC-42A3-9474-1A3956D46DE8}") = "IdentityService", "IdentityService", "{DD206F60-1FAF-ED75-6FA2-9D7982884EA4}"
EndProject
Project("{FAE04EC0-301F-11D3-BF4B-00C04F79EFBC}") = "FinTrust.Identity.API", "services\IdentityService\FinTrust.Identity.API\FinTrust.Identity.API.csproj", "{A4FC4B65-6CDB-4BAA-B00F-57CDAE220DE7}"
EndProject
Project("{FAE04EC0-301F-11D3-BF4B-00C04F79EFBC}") = "FinTrust.Identity.Application", "services\IdentityService\FinTrust.Identity.Application\FinTrust.Identity.Application.csproj", "{AB7FF773-7CE0-454F-99AB-9BC98EB1009E}"
EndProject
Project("{FAE04EC0-301F-11D3-BF4B-00C04F79EFBC}") = "FinTrust.Identity.Domain", "services\IdentityService\FinTrust.Identity.Domain\FinTrust.Identity.Domain.csproj", "{3B647A95-A8A8-4919-A3C9-A0693A9DE461}"
EndProject
Project("{FAE04EC0-301F-11D3-BF4B-00C04F79EFBC}") = "FinTrust.Identity.Infrastructure", "services\IdentityService\FinTrust.Identity.Infrastructure\FinTrust.Identity.Infrastructure.csproj", "{8E2162F8-DD11-4223-B906-947E3E8118C7}"
EndProject
Project("{FAE04EC0-301F-11D3-BF4B-00C04F79EFBC}") = "FinTrust.Identity.Persistence", "services\IdentityService\FinTrust.Identity.Persistence\FinTrust.Identity.Persistence.csproj", "{8CAE63D0-DC02-4377-A561-DA6986C430E2}"
EndProject
Global
	GlobalSection(SolutionConfigurationPlatforms) = preSolution
		Debug|Any CPU = Debug|Any CPU
		Debug|x64 = Debug|x64
		Debug|x86 = Debug|x86
		Release|Any CPU = Release|Any CPU
		Release|x64 = Release|x64
		Release|x86 = Release|x86
	EndGlobalSection
	GlobalSection(ProjectConfigurationPlatforms) = postSolution
		{E28B45BE-58A0-4154-8B90-1CA11B96A830}.Debug|Any CPU.ActiveCfg = Debug|Any CPU
		{E28B45BE-58A0-4154-8B90-1CA11B96A830}.Debug|Any CPU.Build.0 = Debug|Any CPU
		{E28B45BE-58A0-4154-8B90-1CA11B96A830}.Debug|x64.ActiveCfg = Debug|Any CPU
		{E28B45BE-58A0-4154-8B90-1CA11B96A830}.Debug|x64.Build.0 = Debug|Any CPU
		{E28B45BE-58A0-4154-8B90-1CA11B96A830}.Debug|x86.ActiveCfg = Debug|Any CPU
		{E28B45BE-58A0-4154-8B90-1CA11B96A830}.Debug|x86.Build.0 = Debug|Any CPU
		{E28B45BE-58A0-4154-8B90-1CA11B96A830}.Release|Any CPU.ActiveCfg = Release|Any CPU
		{E28B45BE-58A0-4154-8B90-1CA11B96A830}.Release|Any CPU.Build.0 = Release|Any CPU
		{E28B45BE-58A0-4154-8B90-1CA11B96A830}.Release|x64.ActiveCfg = Release|Any CPU
		{E28B45BE-58A0-4154-8B90-1CA11B96A830}.Release|x64.Build.0 = Release|Any CPU
		{E28B45BE-58A0-4154-8B90-1CA11B96A830}.Release|x86.ActiveCfg = Release|Any CPU
		{E28B45BE-58A0-4154-8B90-1CA11B96A830}.Release|x86.Build.0 = Release|Any CPU
		{EAE4E992-9ED6-487D-BC5E-4F9B34CEFCE2}.Debug|Any CPU.ActiveCfg = Debug|Any CPU
		{EAE4E992-9ED6-487D-BC5E-4F9B34CEFCE2}.Debug|Any CPU.Build.0 = Debug|Any CPU
		{EAE4E992-9ED6-487D-BC5E-4F9B34CEFCE2}.Debug|x64.ActiveCfg = Debug|Any CPU
		{EAE4E992-9ED6-487D-BC5E-4F9B34CEFCE2}.Debug|x64.Build.0 = Debug|Any CPU
		{EAE4E992-9ED6-487D-BC5E-4F9B34CEFCE2}.Debug|x86.ActiveCfg = Debug|Any CPU
		{EAE4E992-9ED6-487D-BC5E-4F9B34CEFCE2}.Debug|x86.Build.0 = Debug|Any CPU
		{EAE4E992-9ED6-487D-BC5E-4F9B34CEFCE2}.Release|Any CPU.ActiveCfg = Release|Any CPU
		{EAE4E992-9ED6-487D-BC5E-4F9B34CEFCE2}.Release|Any CPU.Build.0 = Release|Any CPU
		{EAE4E992-9ED6-487D-BC5E-4F9B34CEFCE2}.Release|x64.ActiveCfg = Release|Any CPU
		{EAE4E992-9ED6-487D-BC5E-4F9B34CEFCE2}.Release|x64.Build.0 = Release|Any CPU
		{EAE4E992-9ED6-487D-BC5E-4F9B34CEFCE2}.Release|x86.ActiveCfg = Release|Any CPU
		{EAE4E992-9ED6-487D-BC5E-4F9B34CEFCE2}.Release|x86.Build.0 = Release|Any CPU
		{3908890C-9D62-4360-A1F5-5623DCD97432}.Debug|Any CPU.ActiveCfg = Debug|Any CPU
		{3908890C-9D62-4360-A1F5-5623DCD97432}.Debug|Any CPU.Build.0 = Debug|Any CPU
		{3908890C-9D62-4360-A1F5-5623DCD97432}.Debug|x64.ActiveCfg = Debug|Any CPU
		{3908890C-9D62-4360-A1F5-5623DCD97432}.Debug|x64.Build.0 = Debug|Any CPU
		{3908890C-9D62-4360-A1F5-5623DCD97432}.Debug|x86.ActiveCfg = Debug|Any CPU
		{3908890C-9D62-4360-A1F5-5623DCD97432}.Debug|x86.Build.0 = Debug|Any CPU
		{3908890C-9D62-4360-A1F5-5623DCD97432}.Release|Any CPU.ActiveCfg = Release|Any CPU
		{3908890C-9D62-4360-A1F5-5623DCD97432}.Release|Any CPU.Build.0 = Release|Any CPU
		{3908890C-9D62-4360-A1F5-5623DCD97432}.Release|x64.ActiveCfg = Release|Any CPU
		{3908890C-9D62-4360-A1F5-5623DCD97432}.Release|x64.Build.0 = Release|Any CPU
		{3908890C-9D62-4360-A1F5-5623DCD97432}.Release|x86.ActiveCfg = Release|Any CPU
		{3908890C-9D62-4360-A1F5-5623DCD97432}.Release|x86.Build.0 = Release|Any CPU
		{837379A6-5D43-44D3-8161-1B9F5FE23CB0}.Debug|Any CPU.ActiveCfg = Debug|Any CPU
		{837379A6-5D43-44D3-8161-1B9F5FE23CB0}.Debug|Any CPU.Build.0 = Debug|Any CPU
		{837379A6-5D43-44D3-8161-1B9F5FE23CB0}.Debug|x64.ActiveCfg = Debug|Any CPU
		{837379A6-5D43-44D3-8161-1B9F5FE23CB0}.Debug|x64.Build.0 = Debug|Any CPU
		{837379A6-5D43-44D3-8161-1B9F5FE23CB0}.Debug|x86.ActiveCfg = Debug|Any CPU
		{837379A6-5D43-44D3-8161-1B9F5FE23CB0}.Debug|x86.Build.0 = Debug|Any CPU
		{837379A6-5D43-44D3-8161-1B9F5FE23CB0}.Release|Any CPU.ActiveCfg = Release|Any CPU
		{837379A6-5D43-44D3-8161-1B9F5FE23CB0}.Release|Any CPU.Build.0 = Release|Any CPU
		{837379A6-5D43-44D3-8161-1B9F5FE23CB0}.Release|x64.ActiveCfg = Release|Any CPU
		{837379A6-5D43-44D3-8161-1B9F5FE23CB0}.Release|x64.Build.0 = Release|Any CPU
		{837379A6-5D43-44D3-8161-1B9F5FE23CB0}.Release|x86.ActiveCfg = Release|Any CPU
		{837379A6-5D43-44D3-8161-1B9F5FE23CB0}.Release|x86.Build.0 = Release|Any CPU
		{A323C9AD-2589-4D93-BED9-8F6CC420C560}.Debug|Any CPU.ActiveCfg = Debug|Any CPU
		{A323C9AD-2589-4D93-BED9-8F6CC420C560}.Debug|Any CPU.Build.0 = Debug|Any CPU
		{A323C9AD-2589-4D93-BED9-8F6CC420C560}.Debug|x64.ActiveCfg = Debug|Any CPU
		{A323C9AD-2589-4D93-BED9-8F6CC420C560}.Debug|x64.Build.0 = Debug|Any CPU
		{A323C9AD-2589-4D93-BED9-8F6CC420C560}.Debug|x86.ActiveCfg = Debug|Any CPU
		{A323C9AD-2589-4D93-BED9-8F6CC420C560}.Debug|x86.Build.0 = Debug|Any CPU
		{A323C9AD-2589-4D93-BED9-8F6CC420C560}.Release|Any CPU.ActiveCfg = Release|Any CPU
		{A323C9AD-2589-4D93-BED9-8F6CC420C560}.Release|Any CPU.Build.0 = Release|Any CPU
		{A323C9AD-2589-4D93-BED9-8F6CC420C560}.Release|x64.ActiveCfg = Release|Any CPU
		{A323C9AD-2589-4D93-BED9-8F6CC420C560}.Release|x64.Build.0 = Release|Any CPU
		{A323C9AD-2589-4D93-BED9-8F6CC420C560}.Release|x86.ActiveCfg = Release|Any CPU
		{A323C9AD-2589-4D93-BED9-8F6CC420C560}.Release|x86.Build.0 = Release|Any CPU
		{A4FC4B65-6CDB-4BAA-B00F-57CDAE220DE7}.Debug|Any CPU.ActiveCfg = Debug|Any CPU
		{A4FC4B65-6CDB-4BAA-B00F-57CDAE220DE7}.Debug|Any CPU.Build.0 = Debug|Any CPU
		{A4FC4B65-6CDB-4BAA-B00F-57CDAE220DE7}.Debug|x64.ActiveCfg = Debug|Any CPU
		{A4FC4B65-6CDB-4BAA-B00F-57CDAE220DE7}.Debug|x64.Build.0 = Debug|Any CPU
		{A4FC4B65-6CDB-4BAA-B00F-57CDAE220DE7}.Debug|x86.ActiveCfg = Debug|Any CPU
		{A4FC4B65-6CDB-4BAA-B00F-57CDAE220DE7}.Debug|x86.Build.0 = Debug|Any CPU
		{A4FC4B65-6CDB-4BAA-B00F-57CDAE220DE7}.Release|Any CPU.ActiveCfg = Release|Any CPU
		{A4FC4B65-6CDB-4BAA-B00F-57CDAE220DE7}.Release|Any CPU.Build.0 = Release|Any CPU
		{A4FC4B65-6CDB-4BAA-B00F-57CDAE220DE7}.Release|x64.ActiveCfg = Release|Any CPU
		{A4FC4B65-6CDB-4BAA-B00F-57CDAE220DE7}.Release|x64.Build.0 = Release|Any CPU
		{A4FC4B65-6CDB-4BAA-B00F-57CDAE220DE7}.Release|x86.ActiveCfg = Release|Any CPU
		{A4FC4B65-6CDB-4BAA-B00F-57CDAE220DE7}.Release|x86.Build.0 = Release|Any CPU
		{AB7FF773-7CE0-454F-99AB-9BC98EB1009E}.Debug|Any CPU.ActiveCfg = Debug|Any CPU
		{AB7FF773-7CE0-454F-99AB-9BC98EB1009E}.Debug|Any CPU.Build.0 = Debug|Any CPU
		{AB7FF773-7CE0-454F-99AB-9BC98EB1009E}.Debug|x64.ActiveCfg = Debug|Any CPU
		{AB7FF773-7CE0-454F-99AB-9BC98EB1009E}.Debug|x64.Build.0 = Debug|Any CPU
		{AB7FF773-7CE0-454F-99AB-9BC98EB1009E}.Debug|x86.ActiveCfg = Debug|Any CPU
		{AB7FF773-7CE0-454F-99AB-9BC98EB1009E}.Debug|x86.Build.0 = Debug|Any CPU
		{AB7FF773-7CE0-454F-99AB-9BC98EB1009E}.Release|Any CPU.ActiveCfg = Release|Any CPU
		{AB7FF773-7CE0-454F-99AB-9BC98EB1009E}.Release|Any CPU.Build.0 = Release|Any CPU
		{AB7FF773-7CE0-454F-99AB-9BC98EB1009E}.Release|x64.ActiveCfg = Release|Any CPU
		{AB7FF773-7CE0-454F-99AB-9BC98EB1009E}.Release|x64.Build.0 = Release|Any CPU
		{AB7FF773-7CE0-454F-99AB-9BC98EB1009E}.Release|x86.ActiveCfg = Release|Any CPU
		{AB7FF773-7CE0-454F-99AB-9BC98EB1009E}.Release|x86.Build.0 = Release|Any CPU
		{3B647A95-A8A8-4919-A3C9-A0693A9DE461}.Debug|Any CPU.ActiveCfg = Debug|Any CPU
		{3B647A95-A8A8-4919-A3C9-A0693A9DE461}.Debug|Any CPU.Build.0 = Debug|Any CPU
		{3B647A95-A8A8-4919-A3C9-A0693A9DE461}.Debug|x64.ActiveCfg = Debug|Any CPU
		{3B647A95-A8A8-4919-A3C9-A0693A9DE461}.Debug|x64.Build.0 = Debug|Any CPU
		{3B647A95-A8A8-4919-A3C9-A0693A9DE461}.Debug|x86.ActiveCfg = Debug|Any CPU
		{3B647A95-A8A8-4919-A3C9-A0693A9DE461}.Debug|x86.Build.0 = Debug|Any CPU
		{3B647A95-A8A8-4919-A3C9-A0693A9DE461}.Release|Any CPU.ActiveCfg = Release|Any CPU
		{3B647A95-A8A8-4919-A3C9-A0693A9DE461}.Release|Any CPU.Build.0 = Release|Any CPU
		{3B647A95-A8A8-4919-A3C9-A0693A9DE461}.Release|x64.ActiveCfg = Release|Any CPU
		{3B647A95-A8A8-4919-A3C9-A0693A9DE461}.Release|x64.Build.0 = Release|Any CPU
		{3B647A95-A8A8-4919-A3C9-A0693A9DE461}.Release|x86.ActiveCfg = Release|Any CPU
		{3B647A95-A8A8-4919-A3C9-A0693A9DE461}.Release|x86.Build.0 = Release|Any CPU
		{8E2162F8-DD11-4223-B906-947E3E8118C7}.Debug|Any CPU.ActiveCfg = Debug|Any CPU
		{8E2162F8-DD11-4223-B906-947E3E8118C7}.Debug|Any CPU.Build.0 = Debug|Any CPU
		{8E2162F8-DD11-4223-B906-947E3E8118C7}.Debug|x64.ActiveCfg = Debug|Any CPU
		{8E2162F8-DD11-4223-B906-947E3E8118C7}.Debug|x64.Build.0 = Debug|Any CPU
		{8E2162F8-DD11-4223-B906-947E3E8118C7}.Debug|x86.ActiveCfg = Debug|Any CPU
		{8E2162F8-DD11-4223-B906-947E3E8118C7}.Debug|x86.Build.0 = Debug|Any CPU
		{8E2162F8-DD11-4223-B906-947E3E8118C7}.Release|Any CPU.ActiveCfg = Release|Any CPU
		{8E2162F8-DD11-4223-B906-947E3E8118C7}.Release|Any CPU.Build.0 = Release|Any CPU
		{8E2162F8-DD11-4223-B906-947E3E8118C7}.Release|x64.ActiveCfg = Release|Any CPU
		{8E2162F8-DD11-4223-B906-947E3E8118C7}.Release|x64.Build.0 = Release|Any CPU
		{8E2162F8-DD11-4223-B906-947E3E8118C7}.Release|x86.ActiveCfg = Release|Any CPU
		{8E2162F8-DD11-4223-B906-947E3E8118C7}.Release|x86.Build.0 = Release|Any CPU
		{8CAE63D0-DC02-4377-A561-DA6986C430E2}.Debug|Any CPU.ActiveCfg = Debug|Any CPU
		{8CAE63D0-DC02-4377-A561-DA6986C430E2}.Debug|Any CPU.Build.0 = Debug|Any CPU
		{8CAE63D0-DC02-4377-A561-DA6986C430E2}.Debug|x64.ActiveCfg = Debug|Any CPU
		{8CAE63D0-DC02-4377-A561-DA6986C430E2}.Debug|x64.Build.0 = Debug|Any CPU
		{8CAE63D0-DC02-4377-A561-DA6986C430E2}.Debug|x86.ActiveCfg = Debug|Any CPU
		{8CAE63D0-DC02-4377-A561-DA6986C430E2}.Debug|x86.Build.0 = Debug|Any CPU
		{8CAE63D0-DC02-4377-A561-DA6986C430E2}.Release|Any CPU.ActiveCfg = Release|Any CPU
		{8CAE63D0-DC02-4377-A561-DA6986C430E2}.Release|Any CPU.Build.0 = Release|Any CPU
		{8CAE63D0-DC02-4377-A561-DA6986C430E2}.Release|x64.ActiveCfg = Release|Any CPU
		{8CAE63D0-DC02-4377-A561-DA6986C430E2}.Release|x64.Build.0 = Release|Any CPU
		{8CAE63D0-DC02-4377-A561-DA6986C430E2}.Release|x86.ActiveCfg = Release|Any CPU
		{8CAE63D0-DC02-4377-A561-DA6986C430E2}.Release|x86.Build.0 = Release|Any CPU
	EndGlobalSection
	GlobalSection(SolutionProperties) = preSolution
		HideSolutionNode = FALSE
	EndGlobalSection
	GlobalSection(NestedProjects) = preSolution
		{EDD64D91-0F4B-5ED4-2866-ADA64D5A1C33} = {4F52FD11-658E-A102-6CD3-7D7C16FFA15B}
		{E28B45BE-58A0-4154-8B90-1CA11B96A830} = {EDD64D91-0F4B-5ED4-2866-ADA64D5A1C33}
		{E22E24A7-60BD-AB64-8CDF-AA26E2B7FF30} = {4F52FD11-658E-A102-6CD3-7D7C16FFA15B}
		{EAE4E992-9ED6-487D-BC5E-4F9B34CEFCE2} = {E22E24A7-60BD-AB64-8CDF-AA26E2B7FF30}
		{85E3A286-880E-ADB0-5CF2-3F1BDB3A4229} = {4F52FD11-658E-A102-6CD3-7D7C16FFA15B}
		{3908890C-9D62-4360-A1F5-5623DCD97432} = {85E3A286-880E-ADB0-5CF2-3F1BDB3A4229}
		{19AE9E85-1C68-4758-AF24-628ACE39F8F3} = {4F52FD11-658E-A102-6CD3-7D7C16FFA15B}
		{837379A6-5D43-44D3-8161-1B9F5FE23CB0} = {19AE9E85-1C68-4758-AF24-628ACE39F8F3}
		{2141A215-AC49-07B8-5C97-F1F960E8B242} = {E7BDDBC6-9FD1-D1D7-ACD8-2C4F8E3D2461}
		{A323C9AD-2589-4D93-BED9-8F6CC420C560} = {2141A215-AC49-07B8-5C97-F1F960E8B242}
		{DD206F60-1FAF-ED75-6FA2-9D7982884EA4} = {5854FF58-B8C5-05C6-5BF2-ACE42193F22B}
		{A4FC4B65-6CDB-4BAA-B00F-57CDAE220DE7} = {DD206F60-1FAF-ED75-6FA2-9D7982884EA4}
		{AB7FF773-7CE0-454F-99AB-9BC98EB1009E} = {DD206F60-1FAF-ED75-6FA2-9D7982884EA4}
		{3B647A95-A8A8-4919-A3C9-A0693A9DE461} = {DD206F60-1FAF-ED75-6FA2-9D7982884EA4}
		{8E2162F8-DD11-4223-B906-947E3E8118C7} = {DD206F60-1FAF-ED75-6FA2-9D7982884EA4}
		{8CAE63D0-DC02-4377-A561-DA6986C430E2} = {DD206F60-1FAF-ED75-6FA2-9D7982884EA4}
	EndGlobalSection
EndGlobal
